
Microsoft Visual Studio Solution File, Format Version 12.00
# Visual Studio Version 17
VisualStudioVersion = 17.9.34728.123
MinimumVisualStudioVersion = 10.0.40219.1
Project("{FAE04EC0-301F-11D3-BF4B-00C04F79EFBC}") = "NZWalks.API", "NZWalks.API\NZWalks.API.csproj", "{9F9B2842-C1BD-4DC2-B560-F1DE317F0498}"
EndProject
Global
	GlobalSection(SolutionConfigurationPlatforms) = preSolution
		Debug|Any CPU = Debug|Any CPU
		Release|Any CPU = Release|Any CPU
	EndGlobalSection
	GlobalSection(ProjectConfigurationPlatforms) = postSolution
		{9F9B2842-C1BD-4DC2-B560-F1DE317F0498}.Debug|Any CPU.ActiveCfg = Debug|Any CPU
		{9F9B2842-C1BD-4DC2-B560-F1DE317F0498}.Debug|Any CPU.Build.0 = Debug|Any CPU
		{9F9B2842-C1BD-4DC2-B560-F1DE317F0498}.Release|Any CPU.ActiveCfg = Release|Any CPU
		{9F9B2842-C1BD-4DC2-B560-F1DE317F0498}.Release|Any CPU.Build.0 = Release|Any CPU
	EndGlobalSection
	GlobalSection(SolutionProperties) = preSolution
		HideSolutionNode = FALSE
	EndGlobalSection
	GlobalSection(ExtensibilityGlobals) = postSolution
		SolutionGuid = {7C35913D-EC3A-4CF5-957E-BD9412383B43}
	EndGlobalSection
EndGlobal
